
Microsoft Visual Studio Solution File, Format Version 12.00
# Visual Studio Version 17
VisualStudioVersion = 17.14.36327.8 d17.14
MinimumVisualStudioVersion = 10.0.40219.1
Project("{FAE04EC0-301F-11D3-BF4B-00C04F79EFBC}") = "LoginAccessSystem", "LoginAccessSystem\LoginAccessSystem.csproj", "{AB59A893-E685-4454-A440-34BDDB7A463D}"
EndProject
Global
	GlobalSection(SolutionConfigurationPlatforms) = preSolution
		Debug|Any CPU = Debug|Any CPU
		Release|Any CPU = Release|Any CPU
	EndGlobalSection
	GlobalSection(ProjectConfigurationPlatforms) = postSolution
		{AB59A893-E685-4454-A440-34BDDB7A463D}.Debug|Any CPU.ActiveCfg = Debug|Any CPU
		{AB59A893-E685-4454-A440-34BDDB7A463D}.Debug|Any CPU.Build.0 = Debug|Any CPU
		{AB59A893-E685-4454-A440-34BDDB7A463D}.Release|Any CPU.ActiveCfg = Release|Any CPU
		{AB59A893-E685-4454-A440-34BDDB7A463D}.Release|Any CPU.Build.0 = Release|Any CPU
	EndGlobalSection
	GlobalSection(SolutionProperties) = preSolution
		HideSolutionNode = FALSE
	EndGlobalSection
	GlobalSection(ExtensibilityGlobals) = postSolution
		SolutionGuid = {00FBDA71-6C6B-4E6D-AED5-C8D683807D63}
	EndGlobalSection
EndGlobal
